
Microsoft Visual Studio Solution File, Format Version 12.00
# Visual Studio Version 17
VisualStudioVersion = 17.3.32922.545
MinimumVisualStudioVersion = 10.0.40219.1
Project("{FAE04EC0-301F-11D3-BF4B-00C04F79EFBC}") = "c dies_13", "c dies_13\c dies_13.csproj", "{99ED189A-C2AE-4B63-AB3A-3D1C85301F7B}"
EndProject
Global
	GlobalSection(SolutionConfigurationPlatforms) = preSolution
		Debug|Any CPU = Debug|Any CPU
		Release|Any CPU = Release|Any CPU
	EndGlobalSection
	GlobalSection(ProjectConfigurationPlatforms) = postSolution
		{99ED189A-C2AE-4B63-AB3A-3D1C85301F7B}.Debug|Any CPU.ActiveCfg = Debug|Any CPU
		{99ED189A-C2AE-4B63-AB3A-3D1C85301F7B}.Debug|Any CPU.Build.0 = Debug|Any CPU
		{99ED189A-C2AE-4B63-AB3A-3D1C85301F7B}.Release|Any CPU.ActiveCfg = Release|Any CPU
		{99ED189A-C2AE-4B63-AB3A-3D1C85301F7B}.Release|Any CPU.Build.0 = Release|Any CPU
	EndGlobalSection
	GlobalSection(SolutionProperties) = preSolution
		HideSolutionNode = FALSE
	EndGlobalSection
	GlobalSection(ExtensibilityGlobals) = postSolution
		SolutionGuid = {B9B0F881-7584-4225-8E07-E9D7C9596809}
	EndGlobalSection
EndGlobal
